
Microsoft Visual Studio Solution File, Format Version 12.00
# Visual Studio Version 16
VisualStudioVersion = 16.0.29521.150
MinimumVisualStudioVersion = 15.0.26124.0
Project("{9A19103F-16F7-4668-BE54-9A1E7A4F7556}") = "BlazoredRepairs.Server", "src\BlazoredRepairs.Server\BlazoredRepairs.Server.csproj", "{97D011A9-852E-43A4-9213-9D9E977CF709}"
EndProject
Project("{9A19103F-16F7-4668-BE54-9A1E7A4F7556}") = "BlazoredRepairs.Client", "src\BlazoredRepairs.Client\BlazoredRepairs.Client.csproj", "{AA25B685-67B7-4F4B-8860-F8ABEB60611D}"
EndProject
Project("{9A19103F-16F7-4668-BE54-9A1E7A4F7556}") = "BlazoredRepairs.Shared", "src\BlazoredRepairs.Shared\BlazoredRepairs.Shared.csproj", "{54A7FABC-9427-4C3A-8974-1FFF95591749}"
EndProject
Global
	GlobalSection(SolutionConfigurationPlatforms) = preSolution
		Debug|Any CPU = Debug|Any CPU
		Debug|x64 = Debug|x64
		Debug|x86 = Debug|x86
		Release|Any CPU = Release|Any CPU
		Release|x64 = Release|x64
		Release|x86 = Release|x86
	EndGlobalSection
	GlobalSection(ProjectConfigurationPlatforms) = postSolution
		{97D011A9-852E-43A4-9213-9D9E977CF709}.Debug|Any CPU.ActiveCfg = Debug|Any CPU
		{97D011A9-852E-43A4-9213-9D9E977CF709}.Debug|Any CPU.Build.0 = Debug|Any CPU
		{97D011A9-852E-43A4-9213-9D9E977CF709}.Debug|x64.ActiveCfg = Debug|Any CPU
		{97D011A9-852E-43A4-9213-9D9E977CF709}.Debug|x64.Build.0 = Debug|Any CPU
		{97D011A9-852E-43A4-9213-9D9E977CF709}.Debug|x86.ActiveCfg = Debug|Any CPU
		{97D011A9-852E-43A4-9213-9D9E977CF709}.Debug|x86.Build.0 = Debug|Any CPU
		{97D011A9-852E-43A4-9213-9D9E977CF709}.Release|Any CPU.ActiveCfg = Release|Any CPU
		{97D011A9-852E-43A4-9213-9D9E977CF709}.Release|Any CPU.Build.0 = Release|Any CPU
		{97D011A9-852E-43A4-9213-9D9E977CF709}.Release|x64.ActiveCfg = Release|Any CPU
		{97D011A9-852E-43A4-9213-9D9E977CF709}.Release|x64.Build.0 = Release|Any CPU
		{97D011A9-852E-43A4-9213-9D9E977CF709}.Release|x86.ActiveCfg = Release|Any CPU
		{97D011A9-852E-43A4-9213-9D9E977CF709}.Release|x86.Build.0 = Release|Any CPU
		{AA25B685-67B7-4F4B-8860-F8ABEB60611D}.Debug|Any CPU.ActiveCfg = Debug|Any CPU
		{AA25B685-67B7-4F4B-8860-F8ABEB60611D}.Debug|Any CPU.Build.0 = Debug|Any CPU
		{AA25B685-67B7-4F4B-8860-F8ABEB60611D}.Debug|x64.ActiveCfg = Debug|Any CPU
		{AA25B685-67B7-4F4B-8860-F8ABEB60611D}.Debug|x64.Build.0 = Debug|Any CPU
		{AA25B685-67B7-4F4B-8860-F8ABEB60611D}.Debug|x86.ActiveCfg = Debug|Any CPU
		{AA25B685-67B7-4F4B-8860-F8ABEB60611D}.Debug|x86.Build.0 = Debug|Any CPU
		{AA25B685-67B7-4F4B-8860-F8ABEB60611D}.Release|Any CPU.ActiveCfg = Release|Any CPU
		{AA25B685-67B7-4F4B-8860-F8ABEB60611D}.Release|Any CPU.Build.0 = Release|Any CPU
		{AA25B685-67B7-4F4B-8860-F8ABEB60611D}.Release|x64.ActiveCfg = Release|Any CPU
		{AA25B685-67B7-4F4B-8860-F8ABEB60611D}.Release|x64.Build.0 = Release|Any CPU
		{AA25B685-67B7-4F4B-8860-F8ABEB60611D}.Release|x86.ActiveCfg = Release|Any CPU
		{AA25B685-67B7-4F4B-8860-F8ABEB60611D}.Release|x86.Build.0 = Release|Any CPU
		{54A7FABC-9427-4C3A-8974-1FFF95591749}.Debug|Any CPU.ActiveCfg = Debug|Any CPU
		{54A7FABC-9427-4C3A-8974-1FFF95591749}.Debug|Any CPU.Build.0 = Debug|Any CPU
		{54A7FABC-9427-4C3A-8974-1FFF95591749}.Debug|x64.ActiveCfg = Debug|Any CPU
		{54A7FABC-9427-4C3A-8974-1FFF95591749}.Debug|x64.Build.0 = Debug|Any CPU
		{54A7FABC-9427-4C3A-8974-1FFF95591749}.Debug|x86.ActiveCfg = Debug|Any CPU
		{54A7FABC-9427-4C3A-8974-1FFF95591749}.Debug|x86.Build.0 = Debug|Any CPU
		{54A7FABC-9427-4C3A-8974-1FFF95591749}.Release|Any CPU.ActiveCfg = Release|Any CPU
		{54A7FABC-9427-4C3A-8974-1FFF95591749}.Release|Any CPU.Build.0 = Release|Any CPU
		{54A7FABC-9427-4C3A-8974-1FFF95591749}.Release|x64.ActiveCfg = Release|Any CPU
		{54A7FABC-9427-4C3A-8974-1FFF95591749}.Release|x64.Build.0 = Release|Any CPU
		{54A7FABC-9427-4C3A-8974-1FFF95591749}.Release|x86.ActiveCfg = Release|Any CPU
		{54A7FABC-9427-4C3A-8974-1FFF95591749}.Release|x86.Build.0 = Release|Any CPU
	EndGlobalSection
	GlobalSection(SolutionProperties) = preSolution
		HideSolutionNode = FALSE
	EndGlobalSection
	GlobalSection(ExtensibilityGlobals) = postSolution
		SolutionGuid = {DBAD6C16-C636-4AA9-A92F-B7FB6E8E91E1}
	EndGlobalSection
EndGlobal
